// !$*UTF8*$!
{
	archiveVersion = 1;
	classes = {
	};
	objectVersion = 46;
	objects = {

/* Begin PBXBuildFile section */
		24F5FFB623EBFB73000EB8F6 /* DRTextScrollViewViewController.m in Sources */ = {isa = PBXBuildFile; fileRef = 24F5FFB523EBFB73000EB8F6 /* DRTextScrollViewViewController.m */; };
		24F6D2EC23D185970063DC5F /* DRTimeFlowPullRefreshView.m in Sources */ = {isa = PBXBuildFile; fileRef = 24F6D2EA23D185970063DC5F /* DRTimeFlowPullRefreshView.m */; };
		41E5F3D567BDC471DA1F4BE7 /* Pods_DRScrollableViews_Example.framework in Frameworks */ = {isa = PBXBuildFile; fileRef = 160D0CA0F52C0085E397E0A7 /* Pods_DRScrollableViews_Example.framework */; };
		6003F58E195388D20070C39A /* Foundation.framework in Frameworks */ = {isa = PBXBuildFile; fileRef = 6003F58D195388D20070C39A /* Foundation.framework */; };
		6003F590195388D20070C39A /* CoreGraphics.framework in Frameworks */ = {isa = PBXBuildFile; fileRef = 6003F58F195388D20070C39A /* CoreGraphics.framework */; };
		6003F592195388D20070C39A /* UIKit.framework in Frameworks */ = {isa = PBXBuildFile; fileRef = 6003F591195388D20070C39A /* UIKit.framework */; };
		6003F598195388D20070C39A /* InfoPlist.strings in Resources */ = {isa = PBXBuildFile; fileRef = 6003F596195388D20070C39A /* InfoPlist.strings */; };
		6003F59A195388D20070C39A /* main.m in Sources */ = {isa = PBXBuildFile; fileRef = 6003F599195388D20070C39A /* main.m */; };
		6003F59E195388D20070C39A /* DRAppDelegate.m in Sources */ = {isa = PBXBuildFile; fileRef = 6003F59D195388D20070C39A /* DRAppDelegate.m */; };
		6003F5A7195388D20070C39A /* DRScrollableTestViewController.m in Sources */ = {isa = PBXBuildFile; fileRef = 6003F5A6195388D20070C39A /* DRScrollableTestViewController.m */; };
		6003F5A9195388D20070C39A /* Images.xcassets in Resources */ = {isa = PBXBuildFile; fileRef = 6003F5A8195388D20070C39A /* Images.xcassets */; };
		6003F5B0195388D20070C39A /* XCTest.framework in Frameworks */ = {isa = PBXBuildFile; fileRef = 6003F5AF195388D20070C39A /* XCTest.framework */; };
		6003F5B1195388D20070C39A /* Foundation.framework in Frameworks */ = {isa = PBXBuildFile; fileRef = 6003F58D195388D20070C39A /* Foundation.framework */; };
		6003F5B2195388D20070C39A /* UIKit.framework in Frameworks */ = {isa = PBXBuildFile; fileRef = 6003F591195388D20070C39A /* UIKit.framework */; };
		6003F5BA195388D20070C39A /* InfoPlist.strings in Resources */ = {isa = PBXBuildFile; fileRef = 6003F5B8195388D20070C39A /* InfoPlist.strings */; };
		6003F5BC195388D20070C39A /* Tests.m in Sources */ = {isa = PBXBuildFile; fileRef = 6003F5BB195388D20070C39A /* Tests.m */; };
		71719F9F1E33DC2100824A3D /* LaunchScreen.storyboard in Resources */ = {isa = PBXBuildFile; fileRef = 71719F9D1E33DC2100824A3D /* LaunchScreen.storyboard */; };
		873B8AEB1B1F5CCA007FD442 /* Main.storyboard in Resources */ = {isa = PBXBuildFile; fileRef = 873B8AEA1B1F5CCA007FD442 /* Main.storyboard */; };
		D824E1D79F79C33AB2F14F28 /* Pods_DRScrollableViews_Tests.framework in Frameworks */ = {isa = PBXBuildFile; fileRef = 56587A4DDD973D824033BC60 /* Pods_DRScrollableViews_Tests.framework */; };
		FE682F2422E1A31D00815E2F /* DRDragSortDeleteCell.m in Sources */ = {isa = PBXBuildFile; fileRef = FE682F2222E1A31D00815E2F /* DRDragSortDeleteCell.m */; };
		FE682F2522E1A31D00815E2F /* DRDragSortDeleteCell.xib in Resources */ = {isa = PBXBuildFile; fileRef = FE682F2322E1A31D00815E2F /* DRDragSortDeleteCell.xib */; };
		FE89B14E231FE8FB009DC194 /* DRFoldableOptionItemViewController.m in Sources */ = {isa = PBXBuildFile; fileRef = FE89B14D231FE8FB009DC194 /* DRFoldableOptionItemViewController.m */; };
		FE89B153231FED3F009DC194 /* DRFoldableOptionCell.m in Sources */ = {isa = PBXBuildFile; fileRef = FE89B151231FED3F009DC194 /* DRFoldableOptionCell.m */; };
		FE89B154231FED3F009DC194 /* DRFoldableOptionCell.xib in Resources */ = {isa = PBXBuildFile; fileRef = FE89B152231FED3F009DC194 /* DRFoldableOptionCell.xib */; };
		FE89B156231FED67009DC194 /* FoldableOptionView.xcassets in Resources */ = {isa = PBXBuildFile; fileRef = FE89B155231FED67009DC194 /* FoldableOptionView.xcassets */; };
		FE89B15A231FEF9E009DC194 /* DRFoldableItemModel.m in Sources */ = {isa = PBXBuildFile; fileRef = FE89B159231FEF9E009DC194 /* DRFoldableItemModel.m */; };
		FEB9AC3622DEBFEE00B91032 /* DRDragSortTableViewController.m in Sources */ = {isa = PBXBuildFile; fileRef = FEB9AC3522DEBFEE00B91032 /* DRDragSortTableViewController.m */; };
		FEB9AC4922DF002D00B91032 /* DRTimeFlowCell.m in Sources */ = {isa = PBXBuildFile; fileRef = FEB9AC4722DF002D00B91032 /* DRTimeFlowCell.m */; };
		FEB9AC4A22DF002D00B91032 /* DRTimeFlowCell.xib in Resources */ = {isa = PBXBuildFile; fileRef = FEB9AC4822DF002D00B91032 /* DRTimeFlowCell.xib */; };
		FEB9AC4E22DF09B100B91032 /* TimeFlow.xcassets in Resources */ = {isa = PBXBuildFile; fileRef = FEB9AC4D22DF09B100B91032 /* TimeFlow.xcassets */; };
		FEB9AC5422DF343600B91032 /* DRTimeFlowViewController.m in Sources */ = {isa = PBXBuildFile; fileRef = FEB9AC5222DF343600B91032 /* DRTimeFlowViewController.m */; };
		FEB9AC5522DF343600B91032 /* DRTimeFlowViewController.xib in Resources */ = {isa = PBXBuildFile; fileRef = FEB9AC5322DF343600B91032 /* DRTimeFlowViewController.xib */; };
/* End PBXBuildFile section */

/* Begin PBXContainerItemProxy section */
		6003F5B3195388D20070C39A /* PBXContainerItemProxy */ = {
			isa = PBXContainerItemProxy;
			containerPortal = 6003F582195388D10070C39A /* Project object */;
			proxyType = 1;
			remoteGlobalIDString = 6003F589195388D20070C39A;
			remoteInfo = DRScrollableViews;
		};
/* End PBXContainerItemProxy section */

/* Begin PBXFileReference section */
		160D0CA0F52C0085E397E0A7 /* Pods_DRScrollableViews_Example.framework */ = {isa = PBXFileReference; explicitFileType = wrapper.framework; includeInIndex = 0; path = Pods_DRScrollableViews_Example.framework; sourceTree = BUILT_PRODUCTS_DIR; };
		24F5FFB423EBFB73000EB8F6 /* DRTextScrollViewViewController.h */ = {isa = PBXFileReference; lastKnownFileType = sourcecode.c.h; path = DRTextScrollViewViewController.h; sourceTree = "<group>"; };
		24F5FFB523EBFB73000EB8F6 /* DRTextScrollViewViewController.m */ = {isa = PBXFileReference; lastKnownFileType = sourcecode.c.objc; path = DRTextScrollViewViewController.m; sourceTree = "<group>"; };
		24F6D2EA23D185970063DC5F /* DRTimeFlowPullRefreshView.m */ = {isa = PBXFileReference; fileEncoding = 4; lastKnownFileType = sourcecode.c.objc; path = DRTimeFlowPullRefreshView.m; sourceTree = "<group>"; };
		24F6D2EB23D185970063DC5F /* DRTimeFlowPullRefreshView.h */ = {isa = PBXFileReference; fileEncoding = 4; lastKnownFileType = sourcecode.c.h; path = DRTimeFlowPullRefreshView.h; sourceTree = "<group>"; };
		26229ABC64A5D15BD2E44B29 /* DRScrollableViews.podspec */ = {isa = PBXFileReference; includeInIndex = 1; lastKnownFileType = text; name = DRScrollableViews.podspec; path = ../DRScrollableViews.podspec; sourceTree = "<group>"; xcLanguageSpecificationIdentifier = xcode.lang.ruby; };
		56587A4DDD973D824033BC60 /* Pods_DRScrollableViews_Tests.framework */ = {isa = PBXFileReference; explicitFileType = wrapper.framework; includeInIndex = 0; path = Pods_DRScrollableViews_Tests.framework; sourceTree = BUILT_PRODUCTS_DIR; };
		6003F58A195388D20070C39A /* DRScrollableViews_Example.app */ = {isa = PBXFileReference; explicitFileType = wrapper.application; includeInIndex = 0; path = DRScrollableViews_Example.app; sourceTree = BUILT_PRODUCTS_DIR; };
		6003F58D195388D20070C39A /* Foundation.framework */ = {isa = PBXFileReference; lastKnownFileType = wrapper.framework; name = Foundation.framework; path = System/Library/Frameworks/Foundation.framework; sourceTree = SDKROOT; };
		6003F58F195388D20070C39A /* CoreGraphics.framework */ = {isa = PBXFileReference; lastKnownFileType = wrapper.framework; name = CoreGraphics.framework; path = System/Library/Frameworks/CoreGraphics.framework; sourceTree = SDKROOT; };
		6003F591195388D20070C39A /* UIKit.framework */ = {isa = PBXFileReference; lastKnownFileType = wrapper.framework; name = UIKit.framework; path = System/Library/Frameworks/UIKit.framework; sourceTree = SDKROOT; };
		6003F595195388D20070C39A /* DRScrollableViews-Info.plist */ = {isa = PBXFileReference; lastKnownFileType = text.plist.xml; path = "DRScrollableViews-Info.plist"; sourceTree = "<group>"; };
		6003F597195388D20070C39A /* en */ = {isa = PBXFileReference; lastKnownFileType = text.plist.strings; name = en; path = en.lproj/InfoPlist.strings; sourceTree = "<group>"; };
		6003F599195388D20070C39A /* main.m */ = {isa = PBXFileReference; lastKnownFileType = sourcecode.c.objc; path = main.m; sourceTree = "<group>"; };
		6003F59B195388D20070C39A /* DRScrollableViews-Prefix.pch */ = {isa = PBXFileReference; lastKnownFileType = sourcecode.c.h; path = "DRScrollableViews-Prefix.pch"; sourceTree = "<group>"; };
		6003F59C195388D20070C39A /* DRAppDelegate.h */ = {isa = PBXFileReference; lastKnownFileType = sourcecode.c.h; path = DRAppDelegate.h; sourceTree = "<group>"; };
		6003F59D195388D20070C39A /* DRAppDelegate.m */ = {isa = PBXFileReference; lastKnownFileType = sourcecode.c.objc; path = DRAppDelegate.m; sourceTree = "<group>"; };
		6003F5A5195388D20070C39A /* DRScrollableTestViewController.h */ = {isa = PBXFileReference; lastKnownFileType = sourcecode.c.h; path = DRScrollableTestViewController.h; sourceTree = "<group>"; };
		6003F5A6195388D20070C39A /* DRScrollableTestViewController.m */ = {isa = PBXFileReference; lastKnownFileType = sourcecode.c.objc; path = DRScrollableTestViewController.m; sourceTree = "<group>"; };
		6003F5A8195388D20070C39A /* Images.xcassets */ = {isa = PBXFileReference; lastKnownFileType = folder.assetcatalog; path = Images.xcassets; sourceTree = "<group>"; };
		6003F5AE195388D20070C39A /* DRScrollableViews_Tests.xctest */ = {isa = PBXFileReference; explicitFileType = wrapper.cfbundle; includeInIndex = 0; path = DRScrollableViews_Tests.xctest; sourceTree = BUILT_PRODUCTS_DIR; };
		6003F5AF195388D20070C39A /* XCTest.framework */ = {isa = PBXFileReference; lastKnownFileType = wrapper.framework; name = XCTest.framework; path = Library/Frameworks/XCTest.framework; sourceTree = DEVELOPER_DIR; };
		6003F5B7195388D20070C39A /* Tests-Info.plist */ = {isa = PBXFileReference; lastKnownFileType = text.plist.xml; path = "Tests-Info.plist"; sourceTree = "<group>"; };
		6003F5B9195388D20070C39A /* en */ = {isa = PBXFileReference; lastKnownFileType = text.plist.strings; name = en; path = en.lproj/InfoPlist.strings; sourceTree = "<group>"; };
		6003F5BB195388D20070C39A /* Tests.m */ = {isa = PBXFileReference; lastKnownFileType = sourcecode.c.objc; path = Tests.m; sourceTree = "<group>"; };
		606FC2411953D9B200FFA9A0 /* Tests-Prefix.pch */ = {isa = PBXFileReference; lastKnownFileType = sourcecode.c.h; path = "Tests-Prefix.pch"; sourceTree = "<group>"; };
		71719F9E1E33DC2100824A3D /* Base */ = {isa = PBXFileReference; lastKnownFileType = file.storyboard; name = Base; path = Base.lproj/LaunchScreen.storyboard; sourceTree = "<group>"; };
		7FDCF6980D892BE6074B45CA /* LICENSE */ = {isa = PBXFileReference; includeInIndex = 1; lastKnownFileType = text; name = LICENSE; path = ../LICENSE; sourceTree = "<group>"; };
		8165138211CEE041452D2D09 /* Pods-DRScrollableViews_Example.release.xcconfig */ = {isa = PBXFileReference; includeInIndex = 1; lastKnownFileType = text.xcconfig; name = "Pods-DRScrollableViews_Example.release.xcconfig"; path = "Target Support Files/Pods-DRScrollableViews_Example/Pods-DRScrollableViews_Example.release.xcconfig"; sourceTree = "<group>"; };
		873B8AEA1B1F5CCA007FD442 /* Main.storyboard */ = {isa = PBXFileReference; fileEncoding = 4; lastKnownFileType = file.storyboard; name = Main.storyboard; path = Base.lproj/Main.storyboard; sourceTree = "<group>"; };
		8DF1D4DE5D2B5BB49197F57A /* README.md */ = {isa = PBXFileReference; includeInIndex = 1; lastKnownFileType = net.daringfireball.markdown; name = README.md; path = ../README.md; sourceTree = "<group>"; };
		F0B069DC46AB38183AEE4D98 /* Pods-DRScrollableViews_Tests.debug.xcconfig */ = {isa = PBXFileReference; includeInIndex = 1; lastKnownFileType = text.xcconfig; name = "Pods-DRScrollableViews_Tests.debug.xcconfig"; path = "Target Support Files/Pods-DRScrollableViews_Tests/Pods-DRScrollableViews_Tests.debug.xcconfig"; sourceTree = "<group>"; };
		F50BD50F9F99CEB522D4FC29 /* Pods-DRScrollableViews_Tests.release.xcconfig */ = {isa = PBXFileReference; includeInIndex = 1; lastKnownFileType = text.xcconfig; name = "Pods-DRScrollableViews_Tests.release.xcconfig"; path = "Target Support Files/Pods-DRScrollableViews_Tests/Pods-DRScrollableViews_Tests.release.xcconfig"; sourceTree = "<group>"; };
		FC89D08016DECE3179AE9BE0 /* Pods-DRScrollableViews_Example.debug.xcconfig */ = {isa = PBXFileReference; includeInIndex = 1; lastKnownFileType = text.xcconfig; name = "Pods-DRScrollableViews_Example.debug.xcconfig"; path = "Target Support Files/Pods-DRScrollableViews_Example/Pods-DRScrollableViews_Example.debug.xcconfig"; sourceTree = "<group>"; };
		FE682F2122E1A31D00815E2F /* DRDragSortDeleteCell.h */ = {isa = PBXFileReference; lastKnownFileType = sourcecode.c.h; path = DRDragSortDeleteCell.h; sourceTree = "<group>"; };
		FE682F2222E1A31D00815E2F /* DRDragSortDeleteCell.m */ = {isa = PBXFileReference; lastKnownFileType = sourcecode.c.objc; path = DRDragSortDeleteCell.m; sourceTree = "<group>"; };
		FE682F2322E1A31D00815E2F /* DRDragSortDeleteCell.xib */ = {isa = PBXFileReference; lastKnownFileType = file.xib; path = DRDragSortDeleteCell.xib; sourceTree = "<group>"; };
		FE89B14C231FE8FB009DC194 /* DRFoldableOptionItemViewController.h */ = {isa = PBXFileReference; lastKnownFileType = sourcecode.c.h; path = DRFoldableOptionItemViewController.h; sourceTree = "<group>"; };
		FE89B14D231FE8FB009DC194 /* DRFoldableOptionItemViewController.m */ = {isa = PBXFileReference; lastKnownFileType = sourcecode.c.objc; path = DRFoldableOptionItemViewController.m; sourceTree = "<group>"; };
		FE89B150231FED3F009DC194 /* DRFoldableOptionCell.h */ = {isa = PBXFileReference; lastKnownFileType = sourcecode.c.h; path = DRFoldableOptionCell.h; sourceTree = "<group>"; };
		FE89B151231FED3F009DC194 /* DRFoldableOptionCell.m */ = {isa = PBXFileReference; lastKnownFileType = sourcecode.c.objc; path = DRFoldableOptionCell.m; sourceTree = "<group>"; };
		FE89B152231FED3F009DC194 /* DRFoldableOptionCell.xib */ = {isa = PBXFileReference; lastKnownFileType = file.xib; path = DRFoldableOptionCell.xib; sourceTree = "<group>"; };
		FE89B155231FED67009DC194 /* FoldableOptionView.xcassets */ = {isa = PBXFileReference; lastKnownFileType = folder.assetcatalog; path = FoldableOptionView.xcassets; sourceTree = "<group>"; };
		FE89B158231FEF9E009DC194 /* DRFoldableItemModel.h */ = {isa = PBXFileReference; lastKnownFileType = sourcecode.c.h; path = DRFoldableItemModel.h; sourceTree = "<group>"; };
		FE89B159231FEF9E009DC194 /* DRFoldableItemModel.m */ = {isa = PBXFileReference; lastKnownFileType = sourcecode.c.objc; path = DRFoldableItemModel.m; sourceTree = "<group>"; };
		FEB9AC3422DEBFEE00B91032 /* DRDragSortTableViewController.h */ = {isa = PBXFileReference; fileEncoding = 4; lastKnownFileType = sourcecode.c.h; path = DRDragSortTableViewController.h; sourceTree = "<group>"; };
		FEB9AC3522DEBFEE00B91032 /* DRDragSortTableViewController.m */ = {isa = PBXFileReference; fileEncoding = 4; lastKnownFileType = sourcecode.c.objc; path = DRDragSortTableViewController.m; sourceTree = "<group>"; };
		FEB9AC4622DF002D00B91032 /* DRTimeFlowCell.h */ = {isa = PBXFileReference; lastKnownFileType = sourcecode.c.h; path = DRTimeFlowCell.h; sourceTree = "<group>"; };
		FEB9AC4722DF002D00B91032 /* DRTimeFlowCell.m */ = {isa = PBXFileReference; lastKnownFileType = sourcecode.c.objc; path = DRTimeFlowCell.m; sourceTree = "<group>"; };
		FEB9AC4822DF002D00B91032 /* DRTimeFlowCell.xib */ = {isa = PBXFileReference; lastKnownFileType = file.xib; path = DRTimeFlowCell.xib; sourceTree = "<group>"; };
		FEB9AC4D22DF09B100B91032 /* TimeFlow.xcassets */ = {isa = PBXFileReference; lastKnownFileType = folder.assetcatalog; path = TimeFlow.xcassets; sourceTree = "<group>"; };
		FEB9AC5122DF343600B91032 /* DRTimeFlowViewController.h */ = {isa = PBXFileReference; lastKnownFileType = sourcecode.c.h; path = DRTimeFlowViewController.h; sourceTree = "<group>"; };
		FEB9AC5222DF343600B91032 /* DRTimeFlowViewController.m */ = {isa = PBXFileReference; lastKnownFileType = sourcecode.c.objc; path = DRTimeFlowViewController.m; sourceTree = "<group>"; };
		FEB9AC5322DF343600B91032 /* DRTimeFlowViewController.xib */ = {isa = PBXFileReference; lastKnownFileType = file.xib; path = DRTimeFlowViewController.xib; sourceTree = "<group>"; };
/* End PBXFileReference section */

/* Begin PBXFrameworksBuildPhase section */
		6003F587195388D20070C39A /* Frameworks */ = {
			isa = PBXFrameworksBuildPhase;
			buildActionMask = 2147483647;
			files = (
				6003F590195388D20070C39A /* CoreGraphics.framework in Frameworks */,
				6003F592195388D20070C39A /* UIKit.framework in Frameworks */,
				6003F58E195388D20070C39A /* Foundation.framework in Frameworks */,
				41E5F3D567BDC471DA1F4BE7 /* Pods_DRScrollableViews_Example.framework in Frameworks */,
			);
			runOnlyForDeploymentPostprocessing = 0;
		};
		6003F5AB195388D20070C39A /* Frameworks */ = {
			isa = PBXFrameworksBuildPhase;
			buildActionMask = 2147483647;
			files = (
				6003F5B0195388D20070C39A /* XCTest.framework in Frameworks */,
				6003F5B2195388D20070C39A /* UIKit.framework in Frameworks */,
				6003F5B1195388D20070C39A /* Foundation.framework in Frameworks */,
				D824E1D79F79C33AB2F14F28 /* Pods_DRScrollableViews_Tests.framework in Frameworks */,
			);
			runOnlyForDeploymentPostprocessing = 0;
		};
/* End PBXFrameworksBuildPhase section */

/* Begin PBXGroup section */
		6003F581195388D10070C39A = {
			isa = PBXGroup;
			children = (
				60FF7A9C1954A5C5007DD14C /* Podspec Metadata */,
				6003F593195388D20070C39A /* Example for DRScrollableViews */,
				6003F5B5195388D20070C39A /* Tests */,
				6003F58C195388D20070C39A /* Frameworks */,
				6003F58B195388D20070C39A /* Products */,
				870AA31C40F9A5065210F237 /* Pods */,
			);
			sourceTree = "<group>";
		};
		6003F58B195388D20070C39A /* Products */ = {
			isa = PBXGroup;
			children = (
				6003F58A195388D20070C39A /* DRScrollableViews_Example.app */,
				6003F5AE195388D20070C39A /* DRScrollableViews_Tests.xctest */,
			);
			name = Products;
			sourceTree = "<group>";
		};
		6003F58C195388D20070C39A /* Frameworks */ = {
			isa = PBXGroup;
			children = (
				6003F58D195388D20070C39A /* Foundation.framework */,
				6003F58F195388D20070C39A /* CoreGraphics.framework */,
				6003F591195388D20070C39A /* UIKit.framework */,
				6003F5AF195388D20070C39A /* XCTest.framework */,
				160D0CA0F52C0085E397E0A7 /* Pods_DRScrollableViews_Example.framework */,
				56587A4DDD973D824033BC60 /* Pods_DRScrollableViews_Tests.framework */,
			);
			name = Frameworks;
			sourceTree = "<group>";
		};
		6003F593195388D20070C39A /* Example for DRScrollableViews */ = {
			isa = PBXGroup;
			children = (
				6003F59C195388D20070C39A /* DRAppDelegate.h */,
				6003F59D195388D20070C39A /* DRAppDelegate.m */,
				6003F5A5195388D20070C39A /* DRScrollableTestViewController.h */,
				6003F5A6195388D20070C39A /* DRScrollableTestViewController.m */,
				FEB9AC3922DEFCE200B91032 /* DragSortTableViewDemo */,
				FEB9AC3D22DEFD2C00B91032 /* CollectionViewDemo */,
				873B8AEA1B1F5CCA007FD442 /* Main.storyboard */,
				71719F9D1E33DC2100824A3D /* LaunchScreen.storyboard */,
				6003F5A8195388D20070C39A /* Images.xcassets */,
				6003F594195388D20070C39A /* Supporting Files */,
			);
			name = "Example for DRScrollableViews";
			path = DRScrollableViews;
			sourceTree = "<group>";
		};
		6003F594195388D20070C39A /* Supporting Files */ = {
			isa = PBXGroup;
			children = (
				6003F595195388D20070C39A /* DRScrollableViews-Info.plist */,
				6003F596195388D20070C39A /* InfoPlist.strings */,
				6003F599195388D20070C39A /* main.m */,
				6003F59B195388D20070C39A /* DRScrollableViews-Prefix.pch */,
			);
			name = "Supporting Files";
			sourceTree = "<group>";
		};
		6003F5B5195388D20070C39A /* Tests */ = {
			isa = PBXGroup;
			children = (
				6003F5BB195388D20070C39A /* Tests.m */,
				6003F5B6195388D20070C39A /* Supporting Files */,
			);
			path = Tests;
			sourceTree = "<group>";
		};
		6003F5B6195388D20070C39A /* Supporting Files */ = {
			isa = PBXGroup;
			children = (
				6003F5B7195388D20070C39A /* Tests-Info.plist */,
				6003F5B8195388D20070C39A /* InfoPlist.strings */,
				606FC2411953D9B200FFA9A0 /* Tests-Prefix.pch */,
			);
			name = "Supporting Files";
			sourceTree = "<group>";
		};
		60FF7A9C1954A5C5007DD14C /* Podspec Metadata */ = {
			isa = PBXGroup;
			children = (
				26229ABC64A5D15BD2E44B29 /* DRScrollableViews.podspec */,
				8DF1D4DE5D2B5BB49197F57A /* README.md */,
				7FDCF6980D892BE6074B45CA /* LICENSE */,
			);
			name = "Podspec Metadata";
			sourceTree = "<group>";
		};
		870AA31C40F9A5065210F237 /* Pods */ = {
			isa = PBXGroup;
			children = (
				FC89D08016DECE3179AE9BE0 /* Pods-DRScrollableViews_Example.debug.xcconfig */,
				8165138211CEE041452D2D09 /* Pods-DRScrollableViews_Example.release.xcconfig */,
				F0B069DC46AB38183AEE4D98 /* Pods-DRScrollableViews_Tests.debug.xcconfig */,
				F50BD50F9F99CEB522D4FC29 /* Pods-DRScrollableViews_Tests.release.xcconfig */,
			);
			path = Pods;
			sourceTree = "<group>";
		};
		FE89B14F231FE901009DC194 /* FoldableOptionItemDemo */ = {
			isa = PBXGroup;
			children = (
				FE89B15B231FF002009DC194 /* Models */,
				FE89B157231FEF71009DC194 /* Views */,
				FE89B14C231FE8FB009DC194 /* DRFoldableOptionItemViewController.h */,
				FE89B14D231FE8FB009DC194 /* DRFoldableOptionItemViewController.m */,
				FE89B155231FED67009DC194 /* FoldableOptionView.xcassets */,
			);
			path = FoldableOptionItemDemo;
			sourceTree = "<group>";
		};
		FE89B157231FEF71009DC194 /* Views */ = {
			isa = PBXGroup;
			children = (
				FE89B150231FED3F009DC194 /* DRFoldableOptionCell.h */,
				FE89B151231FED3F009DC194 /* DRFoldableOptionCell.m */,
				FE89B152231FED3F009DC194 /* DRFoldableOptionCell.xib */,
			);
			path = Views;
			sourceTree = "<group>";
		};
		FE89B15B231FF002009DC194 /* Models */ = {
			isa = PBXGroup;
			children = (
				FE89B158231FEF9E009DC194 /* DRFoldableItemModel.h */,
				FE89B159231FEF9E009DC194 /* DRFoldableItemModel.m */,
			);
			path = Models;
			sourceTree = "<group>";
		};
		FEB9AC3922DEFCE200B91032 /* DragSortTableViewDemo */ = {
			isa = PBXGroup;
			children = (
				FEB9AC3422DEBFEE00B91032 /* DRDragSortTableViewController.h */,
				FEB9AC3522DEBFEE00B91032 /* DRDragSortTableViewController.m */,
				FE682F2122E1A31D00815E2F /* DRDragSortDeleteCell.h */,
				FE682F2222E1A31D00815E2F /* DRDragSortDeleteCell.m */,
				FE682F2322E1A31D00815E2F /* DRDragSortDeleteCell.xib */,
				24F5FFB423EBFB73000EB8F6 /* DRTextScrollViewViewController.h */,
				24F5FFB523EBFB73000EB8F6 /* DRTextScrollViewViewController.m */,
			);
			path = DragSortTableViewDemo;
			sourceTree = "<group>";
		};
		FEB9AC3D22DEFD2C00B91032 /* CollectionViewDemo */ = {
			isa = PBXGroup;
			children = (
				FEB9AC4C22DF007B00B91032 /* TimeFlow */,
				FE89B14F231FE901009DC194 /* FoldableOptionItemDemo */,
			);
			path = CollectionViewDemo;
			sourceTree = "<group>";
		};
		FEB9AC4B22DF003200B91032 /* Views */ = {
			isa = PBXGroup;
			children = (
				FEB9AC4622DF002D00B91032 /* DRTimeFlowCell.h */,
				FEB9AC4722DF002D00B91032 /* DRTimeFlowCell.m */,
				FEB9AC4822DF002D00B91032 /* DRTimeFlowCell.xib */,
			);
			path = Views;
			sourceTree = "<group>";
		};
		FEB9AC4C22DF007B00B91032 /* TimeFlow */ = {
			isa = PBXGroup;
			children = (
				FEB9AC4B22DF003200B91032 /* Views */,
				FEB9AC4D22DF09B100B91032 /* TimeFlow.xcassets */,
				FEB9AC5122DF343600B91032 /* DRTimeFlowViewController.h */,
				FEB9AC5222DF343600B91032 /* DRTimeFlowViewController.m */,
				FEB9AC5322DF343600B91032 /* DRTimeFlowViewController.xib */,
				24F6D2EB23D185970063DC5F /* DRTimeFlowPullRefreshView.h */,
				24F6D2EA23D185970063DC5F /* DRTimeFlowPullRefreshView.m */,
			);
			path = TimeFlow;
			sourceTree = "<group>";
		};
/* End PBXGroup section */

/* Begin PBXNativeTarget section */
		6003F589195388D20070C39A /* DRScrollableViews_Example */ = {
			isa = PBXNativeTarget;
			buildConfigurationList = 6003F5BF195388D20070C39A /* Build configuration list for PBXNativeTarget "DRScrollableViews_Example" */;
			buildPhases = (
				6AD8A311DDC90A26DFED5E80 /* [CP] Check Pods Manifest.lock */,
				6003F586195388D20070C39A /* Sources */,
				6003F587195388D20070C39A /* Frameworks */,
				6003F588195388D20070C39A /* Resources */,
				7887B17AA6620AD64AF3A3B7 /* [CP] Embed Pods Frameworks */,
			);
			buildRules = (
			);
			dependencies = (
			);
			name = DRScrollableViews_Example;
			productName = DRScrollableViews;
			productReference = 6003F58A195388D20070C39A /* DRScrollableViews_Example.app */;
			productType = "com.apple.product-type.application";
		};
		6003F5AD195388D20070C39A /* DRScrollableViews_Tests */ = {
			isa = PBXNativeTarget;
			buildConfigurationList = 6003F5C2195388D20070C39A /* Build configuration list for PBXNativeTarget "DRScrollableViews_Tests" */;
			buildPhases = (
				F4E95D41A16165914AC2D3F4 /* [CP] Check Pods Manifest.lock */,
				6003F5AA195388D20070C39A /* Sources */,
				6003F5AB195388D20070C39A /* Frameworks */,
				6003F5AC195388D20070C39A /* Resources */,
			);
			buildRules = (
			);
			dependencies = (
				6003F5B4195388D20070C39A /* PBXTargetDependency */,
			);
			name = DRScrollableViews_Tests;
			productName = DRScrollableViewsTests;
			productReference = 6003F5AE195388D20070C39A /* DRScrollableViews_Tests.xctest */;
			productType = "com.apple.product-type.bundle.unit-test";
		};
/* End PBXNativeTarget section */

/* Begin PBXProject section */
		6003F582195388D10070C39A /* Project object */ = {
			isa = PBXProject;
			attributes = {
				CLASSPREFIX = DR;
				LastUpgradeCheck = 1030;
				ORGANIZATIONNAME = Dean_F;
				TargetAttributes = {
					6003F589195388D20070C39A = {
						DevelopmentTeam = Q67699XUTZ;
					};
					6003F5AD195388D20070C39A = {
						TestTargetID = 6003F589195388D20070C39A;
					};
				};
			};
			buildConfigurationList = 6003F585195388D10070C39A /* Build configuration list for PBXProject "DRScrollableViews" */;
			compatibilityVersion = "Xcode 3.2";
			developmentRegion = en;
			hasScannedForEncodings = 0;
			knownRegions = (
				en,
				Base,
			);
			mainGroup = 6003F581195388D10070C39A;
			productRefGroup = 6003F58B195388D20070C39A /* Products */;
			projectDirPath = "";
			projectRoot = "";
			targets = (
				6003F589195388D20070C39A /* DRScrollableViews_Example */,
				6003F5AD195388D20070C39A /* DRScrollableViews_Tests */,
			);
		};
/* End PBXProject section */

/* Begin PBXResourcesBuildPhase section */
		6003F588195388D20070C39A /* Resources */ = {
			isa = PBXResourcesBuildPhase;
			buildActionMask = 2147483647;
			files = (
				FE682F2522E1A31D00815E2F /* DRDragSortDeleteCell.xib in Resources */,
				FEB9AC4E22DF09B100B91032 /* TimeFlow.xcassets in Resources */,
				FEB9AC5522DF343600B91032 /* DRTimeFlowViewController.xib in Resources */,
				873B8AEB1B1F5CCA007FD442 /* Main.storyboard in Resources */,
				FE89B154231FED3F009DC194 /* DRFoldableOptionCell.xib in Resources */,
				FEB9AC4A22DF002D00B91032 /* DRTimeFlowCell.xib in Resources */,
				FE89B156231FED67009DC194 /* FoldableOptionView.xcassets in Resources */,
				71719F9F1E33DC2100824A3D /* LaunchScreen.storyboard in Resources */,
				6003F5A9195388D20070C39A /* Images.xcassets in Resources */,
				6003F598195388D20070C39A /* InfoPlist.strings in Resources */,
			);
			runOnlyForDeploymentPostprocessing = 0;
		};
		6003F5AC195388D20070C39A /* Resources */ = {
			isa = PBXResourcesBuildPhase;
			buildActionMask = 2147483647;
			files = (
				6003F5BA195388D20070C39A /* InfoPlist.strings in Resources */,
			);
			runOnlyForDeploymentPostprocessing = 0;
		};
/* End PBXResourcesBuildPhase section */

/* Begin PBXShellScriptBuildPhase section */
		6AD8A311DDC90A26DFED5E80 /* [CP] Check Pods Manifest.lock */ = {
			isa = PBXShellScriptBuildPhase;
			buildActionMask = 2147483647;
			files = (
			);
			inputFileListPaths = (
			);
			inputPaths = (
				"${PODS_PODFILE_DIR_PATH}/Podfile.lock",
				"${PODS_ROOT}/Manifest.lock",
			);
			name = "[CP] Check Pods Manifest.lock";
			outputFileListPaths = (
			);
			outputPaths = (
				"$(DERIVED_FILE_DIR)/Pods-DRScrollableViews_Example-checkManifestLockResult.txt",
			);
			runOnlyForDeploymentPostprocessing = 0;
			shellPath = /bin/sh;
			shellScript = "diff \"${PODS_PODFILE_DIR_PATH}/Podfile.lock\" \"${PODS_ROOT}/Manifest.lock\" > /dev/null\nif [ $? != 0 ] ; then\n    # print error to STDERR\n    echo \"error: The sandbox is not in sync with the Podfile.lock. Run 'pod install' or update your CocoaPods installation.\" >&2\n    exit 1\nfi\n# This output is used by Xcode 'outputs' to avoid re-running this script phase.\necho \"SUCCESS\" > \"${SCRIPT_OUTPUT_FILE_0}\"\n";
			showEnvVarsInLog = 0;
		};
		7887B17AA6620AD64AF3A3B7 /* [CP] Embed Pods Frameworks */ = {
			isa = PBXShellScriptBuildPhase;
			buildActionMask = 2147483647;
			files = (
			);
			inputPaths = (
				"${PODS_ROOT}/Target Support Files/Pods-DRScrollableViews_Example/Pods-DRScrollableViews_Example-frameworks.sh",
				"${BUILT_PRODUCTS_DIR}/DRCategories/DRCategories.framework",
				"${BUILT_PRODUCTS_DIR}/DRSandboxManager/DRSandboxManager.framework",
				"${BUILT_PRODUCTS_DIR}/DRScrollableViews/DRScrollableViews.framework",
				"${BUILT_PRODUCTS_DIR}/HexColors/HexColors.framework",
				"${BUILT_PRODUCTS_DIR}/Masonry/Masonry.framework",
				"${BUILT_PRODUCTS_DIR}/RegExCategories/RegExCategories.framework",
				"${BUILT_PRODUCTS_DIR}/pop/pop.framework",
			);
			name = "[CP] Embed Pods Frameworks";
			outputPaths = (
				"${TARGET_BUILD_DIR}/${FRAMEWORKS_FOLDER_PATH}/DRCategories.framework",
				"${TARGET_BUILD_DIR}/${FRAMEWORKS_FOLDER_PATH}/DRSandboxManager.framework",
				"${TARGET_BUILD_DIR}/${FRAMEWORKS_FOLDER_PATH}/DRScrollableViews.framework",
				"${TARGET_BUILD_DIR}/${FRAMEWORKS_FOLDER_PATH}/HexColors.framework",
				"${TARGET_BUILD_DIR}/${FRAMEWORKS_FOLDER_PATH}/Masonry.framework",
				"${TARGET_BUILD_DIR}/${FRAMEWORKS_FOLDER_PATH}/RegExCategories.framework",
				"${TARGET_BUILD_DIR}/${FRAMEWORKS_FOLDER_PATH}/pop.framework",
			);
			runOnlyForDeploymentPostprocessing = 0;
			shellPath = /bin/sh;
			shellScript = "\"${PODS_ROOT}/Target Support Files/Pods-DRScrollableViews_Example/Pods-DRScrollableViews_Example-frameworks.sh\"\n";
			showEnvVarsInLog = 0;
		};
		F4E95D41A16165914AC2D3F4 /* [CP] Check Pods Manifest.lock */ = {
			isa = PBXShellScriptBuildPhase;
			buildActionMask = 2147483647;
			files = (
			);
			inputFileListPaths = (
			);
			inputPaths = (
				"${PODS_PODFILE_DIR_PATH}/Podfile.lock",
				"${PODS_ROOT}/Manifest.lock",
			);
			name = "[CP] Check Pods Manifest.lock";
			outputFileListPaths = (
			);
			outputPaths = (
				"$(DERIVED_FILE_DIR)/Pods-DRScrollableViews_Tests-checkManifestLockResult.txt",
			);
			runOnlyForDeploymentPostprocessing = 0;
			shellPath = /bin/sh;
			shellScript = "diff \"${PODS_PODFILE_DIR_PATH}/Podfile.lock\" \"${PODS_ROOT}/Manifest.lock\" > /dev/null\nif [ $? != 0 ] ; then\n    # print error to STDERR\n    echo \"error: The sandbox is not in sync with the Podfile.lock. Run 'pod install' or update your CocoaPods installation.\" >&2\n    exit 1\nfi\n# This output is used by Xcode 'outputs' to avoid re-running this script phase.\necho \"SUCCESS\" > \"${SCRIPT_OUTPUT_FILE_0}\"\n";
			showEnvVarsInLog = 0;
		};
/* End PBXShellScriptBuildPhase section */

/* Begin PBXSourcesBuildPhase section */
		6003F586195388D20070C39A /* Sources */ = {
			isa = PBXSourcesBuildPhase;
			buildActionMask = 2147483647;
			files = (
				FEB9AC4922DF002D00B91032 /* DRTimeFlowCell.m in Sources */,
				FE682F2422E1A31D00815E2F /* DRDragSortDeleteCell.m in Sources */,
				6003F59E195388D20070C39A /* DRAppDelegate.m in Sources */,
				FE89B15A231FEF9E009DC194 /* DRFoldableItemModel.m in Sources */,
				24F6D2EC23D185970063DC5F /* DRTimeFlowPullRefreshView.m in Sources */,
				FEB9AC3622DEBFEE00B91032 /* DRDragSortTableViewController.m in Sources */,
				FE89B153231FED3F009DC194 /* DRFoldableOptionCell.m in Sources */,
				6003F5A7195388D20070C39A /* DRScrollableTestViewController.m in Sources */,
				FE89B14E231FE8FB009DC194 /* DRFoldableOptionItemViewController.m in Sources */,
				6003F59A195388D20070C39A /* main.m in Sources */,
				24F5FFB623EBFB73000EB8F6 /* DRTextScrollViewViewController.m in Sources */,
				FEB9AC5422DF343600B91032 /* DRTimeFlowViewController.m in Sources */,
			);
			runOnlyForDeploymentPostprocessing = 0;
		};
		6003F5AA195388D20070C39A /* Sources */ = {
			isa = PBXSourcesBuildPhase;
			buildActionMask = 2147483647;
			files = (
				6003F5BC195388D20070C39A /* Tests.m in Sources */,
			);
			runOnlyForDeploymentPostprocessing = 0;
		};
/* End PBXSourcesBuildPhase section */

/* Begin PBXTargetDependency section */
		6003F5B4195388D20070C39A /* PBXTargetDependency */ = {
			isa = PBXTargetDependency;
			target = 6003F589195388D20070C39A /* DRScrollableViews_Example */;
			targetProxy = 6003F5B3195388D20070C39A /* PBXContainerItemProxy */;
		};
/* End PBXTargetDependency section */

/* Begin PBXVariantGroup section */
		6003F596195388D20070C39A /* InfoPlist.strings */ = {
			isa = PBXVariantGroup;
			children = (
				6003F597195388D20070C39A /* en */,
			);
			name = InfoPlist.strings;
			sourceTree = "<group>";
		};
		6003F5B8195388D20070C39A /* InfoPlist.strings */ = {
			isa = PBXVariantGroup;
			children = (
				6003F5B9195388D20070C39A /* en */,
			);
			name = InfoPlist.strings;
			sourceTree = "<group>";
		};
		71719F9D1E33DC2100824A3D /* LaunchScreen.storyboard */ = {
			isa = PBXVariantGroup;
			children = (
				71719F9E1E33DC2100824A3D /* Base */,
			);
			name = LaunchScreen.storyboard;
			sourceTree = "<group>";
		};
/* End PBXVariantGroup section */

/* Begin XCBuildConfiguration section */
		6003F5BD195388D20070C39A /* Debug */ = {
			isa = XCBuildConfiguration;
			buildSettings = {
				ALWAYS_SEARCH_USER_PATHS = NO;
				CLANG_ANALYZER_LOCALIZABILITY_NONLOCALIZED = YES;
				CLANG_CXX_LANGUAGE_STANDARD = "gnu++0x";
				CLANG_CXX_LIBRARY = "libc++";
				CLANG_ENABLE_MODULES = YES;
				CLANG_ENABLE_OBJC_ARC = YES;
				CLANG_WARN_BLOCK_CAPTURE_AUTORELEASING = YES;
				CLANG_WARN_BOOL_CONVERSION = YES;
				CLANG_WARN_COMMA = YES;
				CLANG_WARN_CONSTANT_CONVERSION = YES;
				CLANG_WARN_DEPRECATED_OBJC_IMPLEMENTATIONS = YES;
				CLANG_WARN_DIRECT_OBJC_ISA_USAGE = YES_ERROR;
				CLANG_WARN_EMPTY_BODY = YES;
				CLANG_WARN_ENUM_CONVERSION = YES;
				CLANG_WARN_INFINITE_RECURSION = YES;
				CLANG_WARN_INT_CONVERSION = YES;
				CLANG_WARN_NON_LITERAL_NULL_CONVERSION = YES;
				CLANG_WARN_OBJC_IMPLICIT_RETAIN_SELF = YES;
				CLANG_WARN_OBJC_LITERAL_CONVERSION = YES;
				CLANG_WARN_OBJC_ROOT_CLASS = YES_ERROR;
				CLANG_WARN_RANGE_LOOP_ANALYSIS = YES;
				CLANG_WARN_STRICT_PROTOTYPES = YES;
				CLANG_WARN_SUSPICIOUS_MOVE = YES;
				CLANG_WARN_UNREACHABLE_CODE = YES;
				CLANG_WARN__DUPLICATE_METHOD_MATCH = YES;
				"CODE_SIGN_IDENTITY[sdk=iphoneos*]" = "iPhone Developer";
				COPY_PHASE_STRIP = NO;
				ENABLE_STRICT_OBJC_MSGSEND = YES;
				ENABLE_TESTABILITY = YES;
				GCC_C_LANGUAGE_STANDARD = gnu99;
				GCC_DYNAMIC_NO_PIC = NO;
				GCC_NO_COMMON_BLOCKS = YES;
				GCC_OPTIMIZATION_LEVEL = 0;
				GCC_PREPROCESSOR_DEFINITIONS = (
					"DEBUG=1",
					"$(inherited)",
				);
				GCC_SYMBOLS_PRIVATE_EXTERN = NO;
				GCC_WARN_64_TO_32_BIT_CONVERSION = YES;
				GCC_WARN_ABOUT_RETURN_TYPE = YES_ERROR;
				GCC_WARN_UNDECLARED_SELECTOR = YES;
				GCC_WARN_UNINITIALIZED_AUTOS = YES_AGGRESSIVE;
				GCC_WARN_UNUSED_FUNCTION = YES;
				GCC_WARN_UNUSED_VARIABLE = YES;
				IPHONEOS_DEPLOYMENT_TARGET = 9.0;
				ONLY_ACTIVE_ARCH = YES;
				SDKROOT = iphoneos;
				TARGETED_DEVICE_FAMILY = "1,2";
			};
			name = Debug;
		};
		6003F5BE195388D20070C39A /* Release */ = {
			isa = XCBuildConfiguration;
			buildSettings = {
				ALWAYS_SEARCH_USER_PATHS = NO;
				CLANG_ANALYZER_LOCALIZABILITY_NONLOCALIZED = YES;
				CLANG_CXX_LANGUAGE_STANDARD = "gnu++0x";
				CLANG_CXX_LIBRARY = "libc++";
				CLANG_ENABLE_MODULES = YES;
				CLANG_ENABLE_OBJC_ARC = YES;
				CLANG_WARN_BLOCK_CAPTURE_AUTORELEASING = YES;
				CLANG_WARN_BOOL_CONVERSION = YES;
				CLANG_WARN_COMMA = YES;
				CLANG_WARN_CONSTANT_CONVERSION = YES;
				CLANG_WARN_DEPRECATED_OBJC_IMPLEMENTATIONS = YES;
				CLANG_WARN_DIRECT_OBJC_ISA_USAGE = YES_ERROR;
				CLANG_WARN_EMPTY_BODY = YES;
				CLANG_WARN_ENUM_CONVERSION = YES;
				CLANG_WARN_INFINITE_RECURSION = YES;
				CLANG_WARN_INT_CONVERSION = YES;
				CLANG_WARN_NON_LITERAL_NULL_CONVERSION = YES;
				CLANG_WARN_OBJC_IMPLICIT_RETAIN_SELF = YES;
				CLANG_WARN_OBJC_LITERAL_CONVERSION = YES;
				CLANG_WARN_OBJC_ROOT_CLASS = YES_ERROR;
				CLANG_WARN_RANGE_LOOP_ANALYSIS = YES;
				CLANG_WARN_STRICT_PROTOTYPES = YES;
				CLANG_WARN_SUSPICIOUS_MOVE = YES;
				CLANG_WARN_UNREACHABLE_CODE = YES;
				CLANG_WARN__DUPLICATE_METHOD_MATCH = YES;
				"CODE_SIGN_IDENTITY[sdk=iphoneos*]" = "iPhone Developer";
				COPY_PHASE_STRIP = YES;
				ENABLE_NS_ASSERTIONS = NO;
				ENABLE_STRICT_OBJC_MSGSEND = YES;
				GCC_C_LANGUAGE_STANDARD = gnu99;
				GCC_NO_COMMON_BLOCKS = YES;
				GCC_WARN_64_TO_32_BIT_CONVERSION = YES;
				GCC_WARN_ABOUT_RETURN_TYPE = YES_ERROR;
				GCC_WARN_UNDECLARED_SELECTOR = YES;
				GCC_WARN_UNINITIALIZED_AUTOS = YES_AGGRESSIVE;
				GCC_WARN_UNUSED_FUNCTION = YES;
				GCC_WARN_UNUSED_VARIABLE = YES;
				IPHONEOS_DEPLOYMENT_TARGET = 9.0;
				SDKROOT = iphoneos;
				TARGETED_DEVICE_FAMILY = "1,2";
				VALIDATE_PRODUCT = YES;
			};
			name = Release;
		};
		6003F5C0195388D20070C39A /* Debug */ = {
			isa = XCBuildConfiguration;
			baseConfigurationReference = FC89D08016DECE3179AE9BE0 /* Pods-DRScrollableViews_Example.debug.xcconfig */;
			buildSettings = {
				ASSETCATALOG_COMPILER_APPICON_NAME = AppIcon;
				DEVELOPMENT_TEAM = Q67699XUTZ;
				GCC_PRECOMPILE_PREFIX_HEADER = YES;
				GCC_PREFIX_HEADER = "DRScrollableViews/DRScrollableViews-Prefix.pch";
				INFOPLIST_FILE = "DRScrollableViews/DRScrollableViews-Info.plist";
				MODULE_NAME = ExampleApp;
				PRODUCT_BUNDLE_IDENTIFIER = "org.cocoapods.demo.${PRODUCT_NAME:rfc1034identifier}";
				PRODUCT_NAME = "$(TARGET_NAME)";
				SWIFT_VERSION = 4.0;
				WRAPPER_EXTENSION = app;
			};
			name = Debug;
		};
		6003F5C1195388D20070C39A /* Release */ = {
			isa = XCBuildConfiguration;
			baseConfigurationReference = 8165138211CEE041452D2D09 /* Pods-DRScrollableViews_Example.release.xcconfig */;
			buildSettings = {
				ASSETCATALOG_COMPILER_APPICON_NAME = AppIcon;
				DEVELOPMENT_TEAM = Q67699XUTZ;
				GCC_PRECOMPILE_PREFIX_HEADER = YES;
				GCC_PREFIX_HEADER = "DRScrollableViews/DRScrollableViews-Prefix.pch";
				INFOPLIST_FILE = "DRScrollableViews/DRScrollableViews-Info.plist";
				MODULE_NAME = ExampleApp;
				PRODUCT_BUNDLE_IDENTIFIER = "org.cocoapods.demo.${PRODUCT_NAME:rfc1034identifier}";
				PRODUCT_NAME = "$(TARGET_NAME)";
				SWIFT_VERSION = 4.0;
				WRAPPER_EXTENSION = app;
			};
			name = Release;
		};
		6003F5C3195388D20070C39A /* Debug */ = {
			isa = XCBuildConfiguration;
			baseConfigurationReference = F0B069DC46AB38183AEE4D98 /* Pods-DRScrollableViews_Tests.debug.xcconfig */;
			buildSettings = {
				BUNDLE_LOADER = "$(TEST_HOST)";
				FRAMEWORK_SEARCH_PATHS = (
					"$(PLATFORM_DIR)/Developer/Library/Frameworks",
					"$(inherited)",
					"$(DEVELOPER_FRAMEWORKS_DIR)",
				);
				GCC_PRECOMPILE_PREFIX_HEADER = YES;
				GCC_PREFIX_HEADER = "Tests/Tests-Prefix.pch";
				GCC_PREPROCESSOR_DEFINITIONS = (
					"DEBUG=1",
					"$(inherited)",
				);
				INFOPLIST_FILE = "Tests/Tests-Info.plist";
				PRODUCT_BUNDLE_IDENTIFIER = "org.cocoapods.demo.${PRODUCT_NAME:rfc1034identifier}";
				PRODUCT_NAME = "$(TARGET_NAME)";
				SWIFT_VERSION = 4.0;
				TEST_HOST = "$(BUILT_PRODUCTS_DIR)/DRScrollableViews_Example.app/DRScrollableViews_Example";
				WRAPPER_EXTENSION = xctest;
			};
			name = Debug;
		};
		6003F5C4195388D20070C39A /* Release */ = {
			isa = XCBuildConfiguration;
			baseConfigurationReference = F50BD50F9F99CEB522D4FC29 /* Pods-DRScrollableViews_Tests.release.xcconfig */;
			buildSettings = {
				BUNDLE_LOADER = "$(TEST_HOST)";
				FRAMEWORK_SEARCH_PATHS = (
					"$(PLATFORM_DIR)/Developer/Library/Frameworks",
					"$(inherited)",
					"$(DEVELOPER_FRAMEWORKS_DIR)",
				);
				GCC_PRECOMPILE_PREFIX_HEADER = YES;
				GCC_PREFIX_HEADER = "Tests/Tests-Prefix.pch";
				INFOPLIST_FILE = "Tests/Tests-Info.plist";
				PRODUCT_BUNDLE_IDENTIFIER = "org.cocoapods.demo.${PRODUCT_NAME:rfc1034identifier}";
				PRODUCT_NAME = "$(TARGET_NAME)";
				SWIFT_VERSION = 4.0;
				TEST_HOST = "$(BUILT_PRODUCTS_DIR)/DRScrollableViews_Example.app/DRScrollableViews_Example";
				WRAPPER_EXTENSION = xctest;
			};
			name = Release;
		};
/* End XCBuildConfiguration section */

/* Begin XCConfigurationList section */
		6003F585195388D10070C39A /* Build configuration list for PBXProject "DRScrollableViews" */ = {
			isa = XCConfigurationList;
			buildConfigurations = (
				6003F5BD195388D20070C39A /* Debug */,
				6003F5BE195388D20070C39A /* Release */,
			);
			defaultConfigurationIsVisible = 0;
			defaultConfigurationName = Release;
		};
		6003F5BF195388D20070C39A /* Build configuration list for PBXNativeTarget "DRScrollableViews_Example" */ = {
			isa = XCConfigurationList;
			buildConfigurations = (
				6003F5C0195388D20070C39A /* Debug */,
				6003F5C1195388D20070C39A /* Release */,
			);
			defaultConfigurationIsVisible = 0;
			defaultConfigurationName = Release;
		};
		6003F5C2195388D20070C39A /* Build configuration list for PBXNativeTarget "DRScrollableViews_Tests" */ = {
			isa = XCConfigurationList;
			buildConfigurations = (
				6003F5C3195388D20070C39A /* Debug */,
				6003F5C4195388D20070C39A /* Release */,
			);
			defaultConfigurationIsVisible = 0;
			defaultConfigurationName = Release;
		};
/* End XCConfigurationList section */
	};
	rootObject = 6003F582195388D10070C39A /* Project object */;
}
